// !$*UTF8*$!
{
	archiveVersion = 1;
	classes = {
	};
	objectVersion = 77;
	objects = {

/* Begin PBXBuildFile section */
		A617F403A8E1BAA37F2941F1 /* Pods_ikinano.framework in Frameworks */ = {isa = PBXBuildFile; fileRef = 8536836E62AFCF85CCFCE010 /* Pods_ikinano.framework */; };
		C49D65FACCFB770173855269 /* AudioToolbox.framework in Frameworks */ = {isa = PBXBuildFile; fileRef = 894D87EE0419E1DEC52DC962 /* AudioToolbox.framework */; };
		C6509FCC7B32692B48FA01A5 /* LiteRTLM.xcframework in Embed Frameworks */ = {isa = PBXBuildFile; fileRef = 0107AC4A551B1446E5ACD9C4 /* LiteRTLM.xcframework */; settings = {ATTRIBUTES = (CodeSignOnCopy, ); }; };
		CAB352FFBF063EF0E0F0ACD4 /* LiteRTLM.xcframework in Frameworks */ = {isa = PBXBuildFile; fileRef = 0107AC4A551B1446E5ACD9C4 /* LiteRTLM.xcframework */; };
		CAE3C679282A1EF95105481F /* AVFoundation.framework in Frameworks */ = {isa = PBXBuildFile; fileRef = DC93B27261CDD39548F32EEB /* AVFoundation.framework */; };
		E2EA12CAE5BF0F4DCE66319B /* CoreAudio.framework in Frameworks */ = {isa = PBXBuildFile; fileRef = 2FAD3E6AB3B26114B11F2E00 /* CoreAudio.framework */; };
/* End PBXBuildFile section */

/* Begin PBXCopyFilesBuildPhase section */
		3AAE5EB7E146750E01C877F5 /* Embed Frameworks */ = {
			isa = PBXCopyFilesBuildPhase;
			buildActionMask = 2147483647;
			dstPath = "";
			dstSubfolderSpec = 10;
			files = (
				C6509FCC7B32692B48FA01A5 /* LiteRTLM.xcframework in Embed Frameworks */,
			);
			name = "Embed Frameworks";
			runOnlyForDeploymentPostprocessing = 0;
		};
/* End PBXCopyFilesBuildPhase section */

/* Begin PBXFileReference section */
		0107AC4A551B1446E5ACD9C4 /* LiteRTLM.xcframework */ = {isa = PBXFileReference; includeInIndex = 1; lastKnownFileType = wrapper.xcframework; name = LiteRTLM.xcframework; path = Frameworks/LiteRTLM.xcframework; sourceTree = "<group>"; };
		2FAD3E6AB3B26114B11F2E00 /* CoreAudio.framework */ = {isa = PBXFileReference; lastKnownFileType = wrapper.framework; name = CoreAudio.framework; path = System/Library/Frameworks/CoreAudio.framework; sourceTree = SDKROOT; };
		3F328EB42EE2888D0089AA94 /* ikinano.app */ = {isa = PBXFileReference; explicitFileType = wrapper.application; includeInIndex = 0; path = ikinano.app; sourceTree = BUILT_PRODUCTS_DIR; };
		72D5957122DBE066FEAC0E91 /* Pods-ikinano.release.xcconfig */ = {isa = PBXFileReference; includeInIndex = 1; lastKnownFileType = text.xcconfig; name = "Pods-ikinano.release.xcconfig"; path = "Target Support Files/Pods-ikinano/Pods-ikinano.release.xcconfig"; sourceTree = "<group>"; };
		7C6137ECB29FC3657C9F3081 /* Pods-ikinano.debug.xcconfig */ = {isa = PBXFileReference; includeInIndex = 1; lastKnownFileType = text.xcconfig; name = "Pods-ikinano.debug.xcconfig"; path = "Target Support Files/Pods-ikinano/Pods-ikinano.debug.xcconfig"; sourceTree = "<group>"; };
		8536836E62AFCF85CCFCE010 /* Pods_ikinano.framework */ = {isa = PBXFileReference; explicitFileType = wrapper.framework; includeInIndex = 0; path = Pods_ikinano.framework; sourceTree = BUILT_PRODUCTS_DIR; };
		894D87EE0419E1DEC52DC962 /* AudioToolbox.framework */ = {isa = PBXFileReference; lastKnownFileType = wrapper.framework; name = AudioToolbox.framework; path = System/Library/Frameworks/AudioToolbox.framework; sourceTree = SDKROOT; };
		DC93B27261CDD39548F32EEB /* AVFoundation.framework */ = {isa = PBXFileReference; lastKnownFileType = wrapper.framework; name = AVFoundation.framework; path = System/Library/Frameworks/AVFoundation.framework; sourceTree = SDKROOT; };
/* End PBXFileReference section */

/* Begin PBXFileSystemSynchronizedRootGroup section */
		3F328EB62EE2888D0089AA94 /* ikinano */ = {
			isa = PBXFileSystemSynchronizedRootGroup;
			exceptions = (
			);
			path = ikinano;
			sourceTree = "<group>";
		};
/* End PBXFileSystemSynchronizedRootGroup section */

/* Begin PBXFrameworksBuildPhase section */
		3F328EB12EE2888D0089AA94 /* Frameworks */ = {
			isa = PBXFrameworksBuildPhase;
			buildActionMask = 2147483647;
			files = (
				A617F403A8E1BAA37F2941F1 /* Pods_ikinano.framework in Frameworks */,
				CAB352FFBF063EF0E0F0ACD4 /* LiteRTLM.xcframework in Frameworks */,
				CAE3C679282A1EF95105481F /* AVFoundation.framework in Frameworks */,
				C49D65FACCFB770173855269 /* AudioToolbox.framework in Frameworks */,
				E2EA12CAE5BF0F4DCE66319B /* CoreAudio.framework in Frameworks */,
			);
			runOnlyForDeploymentPostprocessing = 0;
		};
/* End PBXFrameworksBuildPhase section */

/* Begin PBXGroup section */
		3414729819C59BF1DE861E6B /* Pods */ = {
			isa = PBXGroup;
			children = (
				7C6137ECB29FC3657C9F3081 /* Pods-ikinano.debug.xcconfig */,
				72D5957122DBE066FEAC0E91 /* Pods-ikinano.release.xcconfig */,
			);
			path = Pods;
			sourceTree = "<group>";
		};
		3F328EAB2EE2888D0089AA94 = {
			isa = PBXGroup;
			children = (
				3F328EB62EE2888D0089AA94 /* ikinano */,
				3F328EB52EE2888D0089AA94 /* Products */,
				3414729819C59BF1DE861E6B /* Pods */,
				CA8C269AA30DD189A055633D /* Frameworks */,
			);
			sourceTree = "<group>";
		};
		3F328EB52EE2888D0089AA94 /* Products */ = {
			isa = PBXGroup;
			children = (
				3F328EB42EE2888D0089AA94 /* ikinano.app */,
			);
			name = Products;
			sourceTree = "<group>";
		};
		CA8C269AA30DD189A055633D /* Frameworks */ = {
			isa = PBXGroup;
			children = (
				8536836E62AFCF85CCFCE010 /* Pods_ikinano.framework */,
				0107AC4A551B1446E5ACD9C4 /* LiteRTLM.xcframework */,
				DC93B27261CDD39548F32EEB /* AVFoundation.framework */,
				894D87EE0419E1DEC52DC962 /* AudioToolbox.framework */,
				2FAD3E6AB3B26114B11F2E00 /* CoreAudio.framework */,
			);
			name = Frameworks;
			sourceTree = "<group>";
		};
/* End PBXGroup section */

/* Begin PBXNativeTarget section */
		3F328EB32EE2888D0089AA94 /* ikinano */ = {
			isa = PBXNativeTarget;
			buildConfigurationList = 3F328EBF2EE2888E0089AA94 /* Build configuration list for PBXNativeTarget "ikinano" */;
			buildPhases = (
				68460169C7382E4D5F1CB9FE /* [CP] Check Pods Manifest.lock */,
				3F328EB02EE2888D0089AA94 /* Sources */,
				3F328EB12EE2888D0089AA94 /* Frameworks */,
				3F328EB22EE2888D0089AA94 /* Resources */,
				3AAE5EB7E146750E01C877F5 /* Embed Frameworks */,
			);
			buildRules = (
			);
			dependencies = (
			);
			fileSystemSynchronizedGroups = (
				3F328EB62EE2888D0089AA94 /* ikinano */,
			);
			name = ikinano;
			productName = ikinano;
			productReference = 3F328EB42EE2888D0089AA94 /* ikinano.app */;
			productType = "com.apple.product-type.application";
		};
/* End PBXNativeTarget section */

/* Begin PBXProject section */
		3F328EAC2EE2888D0089AA94 /* Project object */ = {
			isa = PBXProject;
			attributes = {
				BuildIndependentTargetsInParallel = 1;
				LastSwiftUpdateCheck = 2610;
				LastUpgradeCheck = 2610;
				TargetAttributes = {
					3F328EB32EE2888D0089AA94 = {
						CreatedOnToolsVersion = 26.1.1;
					};
				};
			};
			buildConfigurationList = 3F328EAF2EE2888D0089AA94 /* Build configuration list for PBXProject "ikinano" */;
			developmentRegion = en;
			hasScannedForEncodings = 0;
			knownRegions = (
				en,
				Base,
			);
			mainGroup = 3F328EAB2EE2888D0089AA94;
			minimizedProjectReferenceProxies = 1;
			preferredProjectObjectVersion = 77;
			productRefGroup = 3F328EB52EE2888D0089AA94 /* Products */;
			projectDirPath = "";
			projectRoot = "";
			targets = (
				3F328EB32EE2888D0089AA94 /* ikinano */,
			);
		};
/* End PBXProject section */

/* Begin PBXResourcesBuildPhase section */
		3F328EB22EE2888D0089AA94 /* Resources */ = {
			isa = PBXResourcesBuildPhase;
			buildActionMask = 2147483647;
			files = (
			);
			runOnlyForDeploymentPostprocessing = 0;
		};
/* End PBXResourcesBuildPhase section */

/* Begin PBXShellScriptBuildPhase section */
		68460169C7382E4D5F1CB9FE /* [CP] Check Pods Manifest.lock */ = {
			isa = PBXShellScriptBuildPhase;
			buildActionMask = 2147483647;
			files = (
			);
			inputFileListPaths = (
			);
			inputPaths = (
				"${PODS_PODFILE_DIR_PATH}/Podfile.lock",
				"${PODS_ROOT}/Manifest.lock",
			);
			name = "[CP] Check Pods Manifest.lock";
			outputFileListPaths = (
			);
			outputPaths = (
				"$(DERIVED_FILE_DIR)/Pods-ikinano-checkManifestLockResult.txt",
			);
			runOnlyForDeploymentPostprocessing = 0;
			shellPath = /bin/sh;
			shellScript = "diff \"${PODS_PODFILE_DIR_PATH}/Podfile.lock\" \"${PODS_ROOT}/Manifest.lock\" > /dev/null\nif [ $? != 0 ] ; then\n    # print error to STDERR\n    echo \"error: The sandbox is not in sync with the Podfile.lock. Run 'pod install' or update your CocoaPods installation.\" >&2\n    exit 1\nfi\n# This output is used by Xcode 'outputs' to avoid re-running this script phase.\necho \"SUCCESS\" > \"${SCRIPT_OUTPUT_FILE_0}\"\n";
			showEnvVarsInLog = 0;
		};
/* End PBXShellScriptBuildPhase section */

/* Begin PBXSourcesBuildPhase section */
		3F328EB02EE2888D0089AA94 /* Sources */ = {
			isa = PBXSourcesBuildPhase;
			buildActionMask = 2147483647;
			files = (
			);
			runOnlyForDeploymentPostprocessing = 0;
		};
/* End PBXSourcesBuildPhase section */

/* Begin XCBuildConfiguration section */
		3F328EBD2EE2888E0089AA94 /* Debug */ = {
			isa = XCBuildConfiguration;
			buildSettings = {
				ALWAYS_SEARCH_USER_PATHS = NO;
				ASSETCATALOG_COMPILER_GENERATE_SWIFT_ASSET_SYMBOL_EXTENSIONS = YES;
				CLANG_ANALYZER_NONNULL = YES;
				CLANG_ANALYZER_NUMBER_OBJECT_CONVERSION = YES_AGGRESSIVE;
				CLANG_CXX_LANGUAGE_STANDARD = "gnu++20";
				CLANG_ENABLE_MODULES = YES;
				CLANG_ENABLE_OBJC_ARC = YES;
				CLANG_ENABLE_OBJC_WEAK = YES;
				CLANG_WARN_BLOCK_CAPTURE_AUTORELEASING = YES;
				CLANG_WARN_BOOL_CONVERSION = YES;
				CLANG_WARN_COMMA = YES;
				CLANG_WARN_CONSTANT_CONVERSION = YES;
				CLANG_WARN_DEPRECATED_OBJC_IMPLEMENTATIONS = YES;
				CLANG_WARN_DIRECT_OBJC_ISA_USAGE = YES_ERROR;
				CLANG_WARN_DOCUMENTATION_COMMENTS = YES;
				CLANG_WARN_EMPTY_BODY = YES;
				CLANG_WARN_ENUM_CONVERSION = YES;
				CLANG_WARN_INFINITE_RECURSION = YES;
				CLANG_WARN_INT_CONVERSION = YES;
				CLANG_WARN_NON_LITERAL_NULL_CONVERSION = YES;
				CLANG_WARN_OBJC_IMPLICIT_RETAIN_SELF = YES;
				CLANG_WARN_OBJC_LITERAL_CONVERSION = YES;
				CLANG_WARN_OBJC_ROOT_CLASS = YES_ERROR;
				CLANG_WARN_QUOTED_INCLUDE_IN_FRAMEWORK_HEADER = YES;
				CLANG_WARN_RANGE_LOOP_ANALYSIS = YES;
				CLANG_WARN_STRICT_PROTOTYPES = YES;
				CLANG_WARN_SUSPICIOUS_MOVE = YES;
				CLANG_WARN_UNGUARDED_AVAILABILITY = YES_AGGRESSIVE;
				CLANG_WARN_UNREACHABLE_CODE = YES;
				CLANG_WARN__DUPLICATE_METHOD_MATCH = YES;
				COPY_PHASE_STRIP = NO;
				DEBUG_INFORMATION_FORMAT = dwarf;
				DEVELOPMENT_TEAM = ZA8AHX2ZWS;
				ENABLE_STRICT_OBJC_MSGSEND = YES;
				ENABLE_TESTABILITY = YES;
				ENABLE_USER_SCRIPT_SANDBOXING = NO;
				GCC_C_LANGUAGE_STANDARD = gnu17;
				GCC_DYNAMIC_NO_PIC = NO;
				GCC_NO_COMMON_BLOCKS = YES;
				GCC_OPTIMIZATION_LEVEL = 0;
				GCC_PREPROCESSOR_DEFINITIONS = (
					"DEBUG=1",
					"$(inherited)",
				);
				GCC_WARN_64_TO_32_BIT_CONVERSION = YES;
				GCC_WARN_ABOUT_RETURN_TYPE = YES_ERROR;
				GCC_WARN_UNDECLARED_SELECTOR = YES;
				GCC_WARN_UNINITIALIZED_AUTOS = YES_AGGRESSIVE;
				GCC_WARN_UNUSED_FUNCTION = YES;
				GCC_WARN_UNUSED_VARIABLE = YES;
				LOCALIZATION_PREFERS_STRING_CATALOGS = YES;
				MTL_ENABLE_DEBUG_INFO = INCLUDE_SOURCE;
				MTL_FAST_MATH = YES;
				ONLY_ACTIVE_ARCH = YES;
				SWIFT_ACTIVE_COMPILATION_CONDITIONS = "DEBUG $(inherited)";
				SWIFT_OPTIMIZATION_LEVEL = "-Onone";
			};
			name = Debug;
		};
		3F328EBE2EE2888E0089AA94 /* Release */ = {
			isa = XCBuildConfiguration;
			buildSettings = {
				ALWAYS_SEARCH_USER_PATHS = NO;
				ASSETCATALOG_COMPILER_GENERATE_SWIFT_ASSET_SYMBOL_EXTENSIONS = YES;
				CLANG_ANALYZER_NONNULL = YES;
				CLANG_ANALYZER_NUMBER_OBJECT_CONVERSION = YES_AGGRESSIVE;
				CLANG_CXX_LANGUAGE_STANDARD = "gnu++20";
				CLANG_ENABLE_MODULES = YES;
				CLANG_ENABLE_OBJC_ARC = YES;
				CLANG_ENABLE_OBJC_WEAK = YES;
				CLANG_WARN_BLOCK_CAPTURE_AUTORELEASING = YES;
				CLANG_WARN_BOOL_CONVERSION = YES;
				CLANG_WARN_COMMA = YES;
				CLANG_WARN_CONSTANT_CONVERSION = YES;
				CLANG_WARN_DEPRECATED_OBJC_IMPLEMENTATIONS = YES;
				CLANG_WARN_DIRECT_OBJC_ISA_USAGE = YES_ERROR;
				CLANG_WARN_DOCUMENTATION_COMMENTS = YES;
				CLANG_WARN_EMPTY_BODY = YES;
				CLANG_WARN_ENUM_CONVERSION = YES;
				CLANG_WARN_INFINITE_RECURSION = YES;
				CLANG_WARN_INT_CONVERSION = YES;
				CLANG_WARN_NON_LITERAL_NULL_CONVERSION = YES;
				CLANG_WARN_OBJC_IMPLICIT_RETAIN_SELF = YES;
				CLANG_WARN_OBJC_LITERAL_CONVERSION = YES;
				CLANG_WARN_OBJC_ROOT_CLASS = YES_ERROR;
				CLANG_WARN_QUOTED_INCLUDE_IN_FRAMEWORK_HEADER = YES;
				CLANG_WARN_RANGE_LOOP_ANALYSIS = YES;
				CLANG_WARN_STRICT_PROTOTYPES = YES;
				CLANG_WARN_SUSPICIOUS_MOVE = YES;
				CLANG_WARN_UNGUARDED_AVAILABILITY = YES_AGGRESSIVE;
				CLANG_WARN_UNREACHABLE_CODE = YES;
				CLANG_WARN__DUPLICATE_METHOD_MATCH = YES;
				COPY_PHASE_STRIP = NO;
				DEBUG_INFORMATION_FORMAT = "dwarf-with-dsym";
				DEVELOPMENT_TEAM = ZA8AHX2ZWS;
				ENABLE_NS_ASSERTIONS = NO;
				ENABLE_STRICT_OBJC_MSGSEND = YES;
				ENABLE_USER_SCRIPT_SANDBOXING = NO;
				GCC_C_LANGUAGE_STANDARD = gnu17;
				GCC_NO_COMMON_BLOCKS = YES;
				GCC_WARN_64_TO_32_BIT_CONVERSION = YES;
				GCC_WARN_ABOUT_RETURN_TYPE = YES_ERROR;
				GCC_WARN_UNDECLARED_SELECTOR = YES;
				GCC_WARN_UNINITIALIZED_AUTOS = YES_AGGRESSIVE;
				GCC_WARN_UNUSED_FUNCTION = YES;
				GCC_WARN_UNUSED_VARIABLE = YES;
				LOCALIZATION_PREFERS_STRING_CATALOGS = YES;
				MTL_ENABLE_DEBUG_INFO = NO;
				MTL_FAST_MATH = YES;
				SWIFT_COMPILATION_MODE = wholemodule;
			};
			name = Release;
		};
		3F328EC02EE2888E0089AA94 /* Debug */ = {
			isa = XCBuildConfiguration;
			baseConfigurationReference = 7C6137ECB29FC3657C9F3081 /* Pods-ikinano.debug.xcconfig */;
			buildSettings = {
				ASSETCATALOG_COMPILER_APPICON_NAME = AppIcon;
				ASSETCATALOG_COMPILER_GLOBAL_ACCENT_COLOR_NAME = AccentColor;
				CODE_SIGN_STYLE = Automatic;
				CURRENT_PROJECT_VERSION = 1;
				DEVELOPMENT_TEAM = ZA8AHX2ZWS;
				ENABLE_APP_SANDBOX = YES;
				ENABLE_HARDENED_RUNTIME = YES;
				ENABLE_PREVIEWS = YES;
				ENABLE_USER_SELECTED_FILES = readonly;
				FRAMEWORK_SEARCH_PATHS = (
					"$(inherited)",
					"\"${PODS_CONFIGURATION_BUILD_DIR}\"/**",
					"\"${PODS_ROOT}/MediaPipeTasksGenAI/frameworks\"",
					"\"${PODS_ROOT}/MediaPipeTasksGenAIC/frameworks\"",
					"\"${PODS_XCFRAMEWORKS_BUILD_DIR}/MediaPipeTasksGenAI\"",
					"\"${PODS_XCFRAMEWORKS_BUILD_DIR}/MediaPipeTasksGenAIC\"",
					"\"$(SRCROOT)/Frameworks\"",
					"\"$(SRCROOT)/Frameworks\"",
					"\"$(SRCROOT)/Frameworks\"",
					"\"$(SRCROOT)/Frameworks\"",
					"\"$(SRCROOT)/Frameworks\"",
					"\"$(SRCROOT)/Frameworks\"",
					"\"$(SRCROOT)/Frameworks\"",
					"\"$(SRCROOT)/Frameworks\"",
					"\"$(SRCROOT)/Frameworks\"",
					"\"$(SRCROOT)/Frameworks\"",
					"\"$(SRCROOT)/Frameworks\"",
					"\"$(SRCROOT)/Frameworks\"",
					"\"$(SRCROOT)/Frameworks\"",
				);
				GENERATE_INFOPLIST_FILE = YES;
				HEADER_SEARCH_PATHS = (
					"$(inherited)",
					"\"$(SRCROOT)/Frameworks/LiteRTLM.xcframework/ios-arm64/LiteRTLM.framework/Headers\"",
					"\"$(SRCROOT)/Frameworks/LiteRTLM.xcframework/ios-arm64_x86_64-simulator/LiteRTLM.framework/Headers\"",
					"\"$(SRCROOT)/Frameworks/LiteRTLM.xcframework/ios-arm64-simulator/LiteRTLM.framework/Headers\"",
					"\"$(SRCROOT)/Frameworks/LiteRTLM.xcframework/ios-arm64/LiteRTLM.framework/Headers\"",
					"\"$(SRCROOT)/Frameworks/LiteRTLM.xcframework/ios-arm64_x86_64-simulator/LiteRTLM.framework/Headers\"",
					"\"$(SRCROOT)/Frameworks/LiteRTLM.xcframework/ios-arm64-simulator/LiteRTLM.framework/Headers\"",
					"\"$(SRCROOT)/Frameworks/LiteRTLM.xcframework/ios-arm64/Headers\"",
					"\"$(SRCROOT)/Frameworks/LiteRTLM.xcframework/ios-arm64-simulator/Headers\"",
					"\"$(SRCROOT)/Frameworks/LiteRTLM.xcframework/ios-arm64/Headers\"",
					"\"$(SRCROOT)/Frameworks/LiteRTLM.xcframework/ios-arm64-simulator/Headers\"",
					"\"$(SRCROOT)/Frameworks/LiteRTLM.xcframework/ios-arm64/Headers\"",
					"\"$(SRCROOT)/Frameworks/LiteRTLM.xcframework/ios-arm64-simulator/Headers\"",
					"\"$(SRCROOT)/Frameworks/LiteRTLM.xcframework/ios-arm64/LiteRTLM.framework/Headers\"",
					"\"$(SRCROOT)/Frameworks/LiteRTLM.xcframework/ios-arm64_x86_64-simulator/LiteRTLM.framework/Headers\"",
					"\"$(SRCROOT)/Frameworks/LiteRTLM.xcframework/ios-arm64-simulator/LiteRTLM.framework/Headers\"",
					"\"$(SRCROOT)/Frameworks/LiteRTLM.xcframework/ios-arm64/LiteRTLM.framework/Headers\"",
					"\"$(SRCROOT)/Frameworks/LiteRTLM.xcframework/ios-arm64_x86_64-simulator/LiteRTLM.framework/Headers\"",
					"\"$(SRCROOT)/Frameworks/LiteRTLM.xcframework/ios-arm64-simulator/LiteRTLM.framework/Headers\"",
					"\"$(SRCROOT)/Frameworks/LiteRTLM.xcframework/ios-arm64/LiteRTLM.framework/Headers\"",
					"\"$(SRCROOT)/Frameworks/LiteRTLM.xcframework/ios-arm64_x86_64-simulator/LiteRTLM.framework/Headers\"",
					"\"$(SRCROOT)/Frameworks/LiteRTLM.xcframework/ios-arm64-simulator/LiteRTLM.framework/Headers\"",
				);
				"INFOPLIST_KEY_UIApplicationSceneManifest_Generation[sdk=iphoneos*]" = YES;
				"INFOPLIST_KEY_UIApplicationSceneManifest_Generation[sdk=iphonesimulator*]" = YES;
				"INFOPLIST_KEY_UIApplicationSupportsIndirectInputEvents[sdk=iphoneos*]" = YES;
				"INFOPLIST_KEY_UIApplicationSupportsIndirectInputEvents[sdk=iphonesimulator*]" = YES;
				"INFOPLIST_KEY_UILaunchScreen_Generation[sdk=iphoneos*]" = YES;
				"INFOPLIST_KEY_UILaunchScreen_Generation[sdk=iphonesimulator*]" = YES;
				"INFOPLIST_KEY_UIStatusBarStyle[sdk=iphoneos*]" = UIStatusBarStyleDefault;
				"INFOPLIST_KEY_UIStatusBarStyle[sdk=iphonesimulator*]" = UIStatusBarStyleDefault;
				INFOPLIST_KEY_UISupportedInterfaceOrientations_iPad = "UIInterfaceOrientationPortrait UIInterfaceOrientationPortraitUpsideDown UIInterfaceOrientationLandscapeLeft UIInterfaceOrientationLandscapeRight";
				INFOPLIST_KEY_UISupportedInterfaceOrientations_iPhone = "UIInterfaceOrientationPortrait UIInterfaceOrientationLandscapeLeft UIInterfaceOrientationLandscapeRight";
				IPHONEOS_DEPLOYMENT_TARGET = 17.0;
				LD_RUNPATH_SEARCH_PATHS = "@executable_path/Frameworks";
				"LD_RUNPATH_SEARCH_PATHS[sdk=macosx*]" = "@executable_path/../Frameworks";
				LIBRARY_SEARCH_PATHS = "$(inherited)";
				MACOSX_DEPLOYMENT_TARGET = 15.6;
				MARKETING_VERSION = 1.0;
				OTHER_LDFLAGS = "$(inherited)";
				PRODUCT_BUNDLE_IDENTIFIER = dev.picon.ios.ikinano;
				PRODUCT_NAME = "$(TARGET_NAME)";
				REGISTER_APP_GROUPS = YES;
				SDKROOT = auto;
				STRING_CATALOG_GENERATE_SYMBOLS = YES;
				SUPPORTED_PLATFORMS = "iphoneos iphonesimulator macosx xros xrsimulator";
				SWIFT_APPROACHABLE_CONCURRENCY = YES;
				SWIFT_DEFAULT_ACTOR_ISOLATION = MainActor;
				SWIFT_EMIT_LOC_STRINGS = YES;
				SWIFT_OBJC_BRIDGING_HEADER = "ikinano/ikinano-Bridging-Header.h";
				SWIFT_OBJC_INTEROP_MODE = objcxx;
				SWIFT_UPCOMING_FEATURE_MEMBER_IMPORT_VISIBILITY = YES;
				SWIFT_VERSION = 5.0;
				TARGETED_DEVICE_FAMILY = "1,2,7";
				XROS_DEPLOYMENT_TARGET = 26.1;
			};
			name = Debug;
		};
		3F328EC12EE2888E0089AA94 /* Release */ = {
			isa = XCBuildConfiguration;
			baseConfigurationReference = 72D5957122DBE066FEAC0E91 /* Pods-ikinano.release.xcconfig */;
			buildSettings = {
				ASSETCATALOG_COMPILER_APPICON_NAME = AppIcon;
				ASSETCATALOG_COMPILER_GLOBAL_ACCENT_COLOR_NAME = AccentColor;
				CODE_SIGN_STYLE = Automatic;
				CURRENT_PROJECT_VERSION = 1;
				DEVELOPMENT_TEAM = ZA8AHX2ZWS;
				ENABLE_APP_SANDBOX = YES;
				ENABLE_HARDENED_RUNTIME = YES;
				ENABLE_PREVIEWS = YES;
				ENABLE_USER_SELECTED_FILES = readonly;
				FRAMEWORK_SEARCH_PATHS = (
					"$(inherited)",
					"\"${PODS_CONFIGURATION_BUILD_DIR}\"/**",
					"\"${PODS_ROOT}/MediaPipeTasksGenAI/frameworks\"",
					"\"${PODS_ROOT}/MediaPipeTasksGenAIC/frameworks\"",
					"\"${PODS_XCFRAMEWORKS_BUILD_DIR}/MediaPipeTasksGenAI\"",
					"\"${PODS_XCFRAMEWORKS_BUILD_DIR}/MediaPipeTasksGenAIC\"",
					"\"$(SRCROOT)/Frameworks\"",
					"\"$(SRCROOT)/Frameworks\"",
					"\"$(SRCROOT)/Frameworks\"",
					"\"$(SRCROOT)/Frameworks\"",
					"\"$(SRCROOT)/Frameworks\"",
					"\"$(SRCROOT)/Frameworks\"",
					"\"$(SRCROOT)/Frameworks\"",
					"\"$(SRCROOT)/Frameworks\"",
					"\"$(SRCROOT)/Frameworks\"",
					"\"$(SRCROOT)/Frameworks\"",
					"\"$(SRCROOT)/Frameworks\"",
					"\"$(SRCROOT)/Frameworks\"",
					"\"$(SRCROOT)/Frameworks\"",
				);
				GENERATE_INFOPLIST_FILE = YES;
				HEADER_SEARCH_PATHS = (
					"$(inherited)",
					"\"$(SRCROOT)/Frameworks/LiteRTLM.xcframework/ios-arm64/LiteRTLM.framework/Headers\"",
					"\"$(SRCROOT)/Frameworks/LiteRTLM.xcframework/ios-arm64_x86_64-simulator/LiteRTLM.framework/Headers\"",
					"\"$(SRCROOT)/Frameworks/LiteRTLM.xcframework/ios-arm64-simulator/LiteRTLM.framework/Headers\"",
					"\"$(SRCROOT)/Frameworks/LiteRTLM.xcframework/ios-arm64/LiteRTLM.framework/Headers\"",
					"\"$(SRCROOT)/Frameworks/LiteRTLM.xcframework/ios-arm64_x86_64-simulator/LiteRTLM.framework/Headers\"",
					"\"$(SRCROOT)/Frameworks/LiteRTLM.xcframework/ios-arm64-simulator/LiteRTLM.framework/Headers\"",
					"\"$(SRCROOT)/Frameworks/LiteRTLM.xcframework/ios-arm64/Headers\"",
					"\"$(SRCROOT)/Frameworks/LiteRTLM.xcframework/ios-arm64-simulator/Headers\"",
					"\"$(SRCROOT)/Frameworks/LiteRTLM.xcframework/ios-arm64/Headers\"",
					"\"$(SRCROOT)/Frameworks/LiteRTLM.xcframework/ios-arm64-simulator/Headers\"",
					"\"$(SRCROOT)/Frameworks/LiteRTLM.xcframework/ios-arm64/Headers\"",
					"\"$(SRCROOT)/Frameworks/LiteRTLM.xcframework/ios-arm64-simulator/Headers\"",
					"\"$(SRCROOT)/Frameworks/LiteRTLM.xcframework/ios-arm64/LiteRTLM.framework/Headers\"",
					"\"$(SRCROOT)/Frameworks/LiteRTLM.xcframework/ios-arm64_x86_64-simulator/LiteRTLM.framework/Headers\"",
					"\"$(SRCROOT)/Frameworks/LiteRTLM.xcframework/ios-arm64-simulator/LiteRTLM.framework/Headers\"",
					"\"$(SRCROOT)/Frameworks/LiteRTLM.xcframework/ios-arm64/LiteRTLM.framework/Headers\"",
					"\"$(SRCROOT)/Frameworks/LiteRTLM.xcframework/ios-arm64_x86_64-simulator/LiteRTLM.framework/Headers\"",
					"\"$(SRCROOT)/Frameworks/LiteRTLM.xcframework/ios-arm64-simulator/LiteRTLM.framework/Headers\"",
					"\"$(SRCROOT)/Frameworks/LiteRTLM.xcframework/ios-arm64/LiteRTLM.framework/Headers\"",
					"\"$(SRCROOT)/Frameworks/LiteRTLM.xcframework/ios-arm64_x86_64-simulator/LiteRTLM.framework/Headers\"",
					"\"$(SRCROOT)/Frameworks/LiteRTLM.xcframework/ios-arm64-simulator/LiteRTLM.framework/Headers\"",
				);
				"INFOPLIST_KEY_UIApplicationSceneManifest_Generation[sdk=iphoneos*]" = YES;
				"INFOPLIST_KEY_UIApplicationSceneManifest_Generation[sdk=iphonesimulator*]" = YES;
				"INFOPLIST_KEY_UIApplicationSupportsIndirectInputEvents[sdk=iphoneos*]" = YES;
				"INFOPLIST_KEY_UIApplicationSupportsIndirectInputEvents[sdk=iphonesimulator*]" = YES;
				"INFOPLIST_KEY_UILaunchScreen_Generation[sdk=iphoneos*]" = YES;
				"INFOPLIST_KEY_UILaunchScreen_Generation[sdk=iphonesimulator*]" = YES;
				"INFOPLIST_KEY_UIStatusBarStyle[sdk=iphoneos*]" = UIStatusBarStyleDefault;
				"INFOPLIST_KEY_UIStatusBarStyle[sdk=iphonesimulator*]" = UIStatusBarStyleDefault;
				INFOPLIST_KEY_UISupportedInterfaceOrientations_iPad = "UIInterfaceOrientationPortrait UIInterfaceOrientationPortraitUpsideDown UIInterfaceOrientationLandscapeLeft UIInterfaceOrientationLandscapeRight";
				INFOPLIST_KEY_UISupportedInterfaceOrientations_iPhone = "UIInterfaceOrientationPortrait UIInterfaceOrientationLandscapeLeft UIInterfaceOrientationLandscapeRight";
				IPHONEOS_DEPLOYMENT_TARGET = 17.0;
				LD_RUNPATH_SEARCH_PATHS = "@executable_path/Frameworks";
				"LD_RUNPATH_SEARCH_PATHS[sdk=macosx*]" = "@executable_path/../Frameworks";
				LIBRARY_SEARCH_PATHS = "$(inherited)";
				MACOSX_DEPLOYMENT_TARGET = 15.6;
				MARKETING_VERSION = 1.0;
				OTHER_LDFLAGS = "$(inherited)";
				PRODUCT_BUNDLE_IDENTIFIER = dev.picon.ios.ikinano;
				PRODUCT_NAME = "$(TARGET_NAME)";
				REGISTER_APP_GROUPS = YES;
				SDKROOT = auto;
				STRING_CATALOG_GENERATE_SYMBOLS = YES;
				SUPPORTED_PLATFORMS = "iphoneos iphonesimulator macosx xros xrsimulator";
				SWIFT_APPROACHABLE_CONCURRENCY = YES;
				SWIFT_DEFAULT_ACTOR_ISOLATION = MainActor;
				SWIFT_EMIT_LOC_STRINGS = YES;
				SWIFT_OBJC_BRIDGING_HEADER = "ikinano/ikinano-Bridging-Header.h";
				SWIFT_OBJC_INTEROP_MODE = objcxx;
				SWIFT_UPCOMING_FEATURE_MEMBER_IMPORT_VISIBILITY = YES;
				SWIFT_VERSION = 5.0;
				TARGETED_DEVICE_FAMILY = "1,2,7";
				XROS_DEPLOYMENT_TARGET = 26.1;
			};
			name = Release;
		};
/* End XCBuildConfiguration section */

/* Begin XCConfigurationList section */
		3F328EAF2EE2888D0089AA94 /* Build configuration list for PBXProject "ikinano" */ = {
			isa = XCConfigurationList;
			buildConfigurations = (
				3F328EBD2EE2888E0089AA94 /* Debug */,
				3F328EBE2EE2888E0089AA94 /* Release */,
			);
			defaultConfigurationIsVisible = 0;
			defaultConfigurationName = Release;
		};
		3F328EBF2EE2888E0089AA94 /* Build configuration list for PBXNativeTarget "ikinano" */ = {
			isa = XCConfigurationList;
			buildConfigurations = (
				3F328EC02EE2888E0089AA94 /* Debug */,
				3F328EC12EE2888E0089AA94 /* Release */,
			);
			defaultConfigurationIsVisible = 0;
			defaultConfigurationName = Release;
		};
/* End XCConfigurationList section */
	};
	rootObject = 3F328EAC2EE2888D0089AA94 /* Project object */;
}
